// !$*UTF8*$!
{
	archiveVersion = 1;
	classes = {
	};
	objectVersion = 55;
	objects = {

/* Begin PBXBuildFile section */
		0C806AC1D5AA28D768EA46A7 /* Pods_DemoSwift_DemoSwiftUITests.framework in Frameworks */ = {isa = PBXBuildFile; fileRef = 9FBC386D2FBFA9AC4A36C320 /* Pods_DemoSwift_DemoSwiftUITests.framework */; };
		0D4F279E63F5B79466BB18CE /* Pods_DemoSwift.framework in Frameworks */ = {isa = PBXBuildFile; fileRef = E86B238F09D6F9DB44ED5F59 /* Pods_DemoSwift.framework */; };
		6CF7E8F820251C01AF15FBC4 /* Pods_DemoSwiftTests.framework in Frameworks */ = {isa = PBXBuildFile; fileRef = E43F166F2AFF45313C4242F5 /* Pods_DemoSwiftTests.framework */; };
		F9219C2929A10D720040A3D5 /* DemoSwiftApp.swift in Sources */ = {isa = PBXBuildFile; fileRef = F9219C2829A10D720040A3D5 /* DemoSwiftApp.swift */; };
		F9219C2B29A10D720040A3D5 /* ContentView.swift in Sources */ = {isa = PBXBuildFile; fileRef = F9219C2A29A10D720040A3D5 /* ContentView.swift */; };
		F9219C2D29A10D760040A3D5 /* Assets.xcassets in Resources */ = {isa = PBXBuildFile; fileRef = F9219C2C29A10D760040A3D5 /* Assets.xcassets */; };
		F9219C3029A10D760040A3D5 /* Preview Assets.xcassets in Resources */ = {isa = PBXBuildFile; fileRef = F9219C2F29A10D760040A3D5 /* Preview Assets.xcassets */; };
		F9219C3A29A10D770040A3D5 /* DemoSwiftTests.swift in Sources */ = {isa = PBXBuildFile; fileRef = F9219C3929A10D770040A3D5 /* DemoSwiftTests.swift */; };
		F9219C4429A10D770040A3D5 /* DemoSwiftUITests.swift in Sources */ = {isa = PBXBuildFile; fileRef = F9219C4329A10D770040A3D5 /* DemoSwiftUITests.swift */; };
		F9219C4629A10D770040A3D5 /* DemoSwiftUITestsLaunchTests.swift in Sources */ = {isa = PBXBuildFile; fileRef = F9219C4529A10D770040A3D5 /* DemoSwiftUITestsLaunchTests.swift */; };
		F9219C5429A111930040A3D5 /* CommonConfig.xcconfig in Resources */ = {isa = PBXBuildFile; fileRef = F9219C5329A111930040A3D5 /* CommonConfig.xcconfig */; };
		F9219C5629A111B80040A3D5 /* Develop_Debug.xcconfig in Resources */ = {isa = PBXBuildFile; fileRef = F9219C5529A111B80040A3D5 /* Develop_Debug.xcconfig */; };
		F9219C5829A111CD0040A3D5 /* Develop_Release.xcconfig in Resources */ = {isa = PBXBuildFile; fileRef = F9219C5729A111CD0040A3D5 /* Develop_Release.xcconfig */; };
		F9219C5A29A111E60040A3D5 /* Product_Debug.xcconfig in Resources */ = {isa = PBXBuildFile; fileRef = F9219C5929A111E60040A3D5 /* Product_Debug.xcconfig */; };
		F9219C5D29A112260040A3D5 /* Environment.plist in Resources */ = {isa = PBXBuildFile; fileRef = F9219C5C29A112260040A3D5 /* Environment.plist */; };
		F9219C7129A11DA80040A3D5 /* Api.swift in Sources */ = {isa = PBXBuildFile; fileRef = F9219C7029A11DA80040A3D5 /* Api.swift */; };
/* End PBXBuildFile section */

/* Begin PBXContainerItemProxy section */
		F9219C3629A10D770040A3D5 /* PBXContainerItemProxy */ = {
			isa = PBXContainerItemProxy;
			containerPortal = F9219C1D29A10D720040A3D5 /* Project object */;
			proxyType = 1;
			remoteGlobalIDString = F9219C2429A10D720040A3D5;
			remoteInfo = DemoSwift;
		};
		F9219C4029A10D770040A3D5 /* PBXContainerItemProxy */ = {
			isa = PBXContainerItemProxy;
			containerPortal = F9219C1D29A10D720040A3D5 /* Project object */;
			proxyType = 1;
			remoteGlobalIDString = F9219C2429A10D720040A3D5;
			remoteInfo = DemoSwift;
		};
/* End PBXContainerItemProxy section */

/* Begin PBXFileReference section */
		0376B51EDD62858ABA9E7EF9 /* Pods-DemoSwift.release.xcconfig */ = {isa = PBXFileReference; includeInIndex = 1; lastKnownFileType = text.xcconfig; name = "Pods-DemoSwift.release.xcconfig"; path = "Target Support Files/Pods-DemoSwift/Pods-DemoSwift.release.xcconfig"; sourceTree = "<group>"; };
		077DD554A2F6964B9E0915F7 /* Pods-DemoSwiftTests.product_release.xcconfig */ = {isa = PBXFileReference; includeInIndex = 1; lastKnownFileType = text.xcconfig; name = "Pods-DemoSwiftTests.product_release.xcconfig"; path = "Target Support Files/Pods-DemoSwiftTests/Pods-DemoSwiftTests.product_release.xcconfig"; sourceTree = "<group>"; };
		1F1EA69E74C0BEFBD0B0AC15 /* Pods-DemoSwift-DemoSwiftUITests.release.xcconfig */ = {isa = PBXFileReference; includeInIndex = 1; lastKnownFileType = text.xcconfig; name = "Pods-DemoSwift-DemoSwiftUITests.release.xcconfig"; path = "Target Support Files/Pods-DemoSwift-DemoSwiftUITests/Pods-DemoSwift-DemoSwiftUITests.release.xcconfig"; sourceTree = "<group>"; };
		1F3CF88A661F020063388094 /* Pods-DemoSwiftTests.develop_debug.xcconfig */ = {isa = PBXFileReference; includeInIndex = 1; lastKnownFileType = text.xcconfig; name = "Pods-DemoSwiftTests.develop_debug.xcconfig"; path = "Target Support Files/Pods-DemoSwiftTests/Pods-DemoSwiftTests.develop_debug.xcconfig"; sourceTree = "<group>"; };
		1FB66D98A9C32DABD98AEF14 /* Pods-DemoSwiftTests.debug.xcconfig */ = {isa = PBXFileReference; includeInIndex = 1; lastKnownFileType = text.xcconfig; name = "Pods-DemoSwiftTests.debug.xcconfig"; path = "Target Support Files/Pods-DemoSwiftTests/Pods-DemoSwiftTests.debug.xcconfig"; sourceTree = "<group>"; };
		2F8CC42227C828BB6DE4C3C0 /* Pods-DemoSwift-DemoSwiftUITests.product_release.xcconfig */ = {isa = PBXFileReference; includeInIndex = 1; lastKnownFileType = text.xcconfig; name = "Pods-DemoSwift-DemoSwiftUITests.product_release.xcconfig"; path = "Target Support Files/Pods-DemoSwift-DemoSwiftUITests/Pods-DemoSwift-DemoSwiftUITests.product_release.xcconfig"; sourceTree = "<group>"; };
		373D333F493ADF818D643CB1 /* Pods-DemoSwift.develop_debug.xcconfig */ = {isa = PBXFileReference; includeInIndex = 1; lastKnownFileType = text.xcconfig; name = "Pods-DemoSwift.develop_debug.xcconfig"; path = "Target Support Files/Pods-DemoSwift/Pods-DemoSwift.develop_debug.xcconfig"; sourceTree = "<group>"; };
		4E078C6E09CF46DA401452E6 /* Pods-DemoSwiftTests.release.xcconfig */ = {isa = PBXFileReference; includeInIndex = 1; lastKnownFileType = text.xcconfig; name = "Pods-DemoSwiftTests.release.xcconfig"; path = "Target Support Files/Pods-DemoSwiftTests/Pods-DemoSwiftTests.release.xcconfig"; sourceTree = "<group>"; };
		6351A21F03B5AD175B23BB2F /* Pods-DemoSwift-DemoSwiftUITests.product_debug.xcconfig */ = {isa = PBXFileReference; includeInIndex = 1; lastKnownFileType = text.xcconfig; name = "Pods-DemoSwift-DemoSwiftUITests.product_debug.xcconfig"; path = "Target Support Files/Pods-DemoSwift-DemoSwiftUITests/Pods-DemoSwift-DemoSwiftUITests.product_debug.xcconfig"; sourceTree = "<group>"; };
		688D0484B2C8D4E48F38528B /* Pods-DemoSwift.debug.xcconfig */ = {isa = PBXFileReference; includeInIndex = 1; lastKnownFileType = text.xcconfig; name = "Pods-DemoSwift.debug.xcconfig"; path = "Target Support Files/Pods-DemoSwift/Pods-DemoSwift.debug.xcconfig"; sourceTree = "<group>"; };
		6B96AF0F79CFD6BF4815A7CA /* Pods-DemoSwift.product_release.xcconfig */ = {isa = PBXFileReference; includeInIndex = 1; lastKnownFileType = text.xcconfig; name = "Pods-DemoSwift.product_release.xcconfig"; path = "Target Support Files/Pods-DemoSwift/Pods-DemoSwift.product_release.xcconfig"; sourceTree = "<group>"; };
		6BF53EB82E3D55A0933A6047 /* Pods-DemoSwift.product_debug.xcconfig */ = {isa = PBXFileReference; includeInIndex = 1; lastKnownFileType = text.xcconfig; name = "Pods-DemoSwift.product_debug.xcconfig"; path = "Target Support Files/Pods-DemoSwift/Pods-DemoSwift.product_debug.xcconfig"; sourceTree = "<group>"; };
		71ED639C5AB76885698F0A54 /* Pods-DemoSwiftTests.product_debug.xcconfig */ = {isa = PBXFileReference; includeInIndex = 1; lastKnownFileType = text.xcconfig; name = "Pods-DemoSwiftTests.product_debug.xcconfig"; path = "Target Support Files/Pods-DemoSwiftTests/Pods-DemoSwiftTests.product_debug.xcconfig"; sourceTree = "<group>"; };
		9FBC386D2FBFA9AC4A36C320 /* Pods_DemoSwift_DemoSwiftUITests.framework */ = {isa = PBXFileReference; explicitFileType = wrapper.framework; includeInIndex = 0; path = Pods_DemoSwift_DemoSwiftUITests.framework; sourceTree = BUILT_PRODUCTS_DIR; };
		B13DCFC541D83B5033D792F6 /* Pods-DemoSwiftTests.develop_release.xcconfig */ = {isa = PBXFileReference; includeInIndex = 1; lastKnownFileType = text.xcconfig; name = "Pods-DemoSwiftTests.develop_release.xcconfig"; path = "Target Support Files/Pods-DemoSwiftTests/Pods-DemoSwiftTests.develop_release.xcconfig"; sourceTree = "<group>"; };
		C2B6ED30B85DA7F053CE9F6B /* Pods-DemoSwift.develop_release.xcconfig */ = {isa = PBXFileReference; includeInIndex = 1; lastKnownFileType = text.xcconfig; name = "Pods-DemoSwift.develop_release.xcconfig"; path = "Target Support Files/Pods-DemoSwift/Pods-DemoSwift.develop_release.xcconfig"; sourceTree = "<group>"; };
		D1F381336D5351B681328221 /* Pods-DemoSwift-DemoSwiftUITests.develop_release.xcconfig */ = {isa = PBXFileReference; includeInIndex = 1; lastKnownFileType = text.xcconfig; name = "Pods-DemoSwift-DemoSwiftUITests.develop_release.xcconfig"; path = "Target Support Files/Pods-DemoSwift-DemoSwiftUITests/Pods-DemoSwift-DemoSwiftUITests.develop_release.xcconfig"; sourceTree = "<group>"; };
		DB890C195EDCA9A13575D26B /* Pods-DemoSwift-DemoSwiftUITests.develop_debug.xcconfig */ = {isa = PBXFileReference; includeInIndex = 1; lastKnownFileType = text.xcconfig; name = "Pods-DemoSwift-DemoSwiftUITests.develop_debug.xcconfig"; path = "Target Support Files/Pods-DemoSwift-DemoSwiftUITests/Pods-DemoSwift-DemoSwiftUITests.develop_debug.xcconfig"; sourceTree = "<group>"; };
		E43F166F2AFF45313C4242F5 /* Pods_DemoSwiftTests.framework */ = {isa = PBXFileReference; explicitFileType = wrapper.framework; includeInIndex = 0; path = Pods_DemoSwiftTests.framework; sourceTree = BUILT_PRODUCTS_DIR; };
		E86B238F09D6F9DB44ED5F59 /* Pods_DemoSwift.framework */ = {isa = PBXFileReference; explicitFileType = wrapper.framework; includeInIndex = 0; path = Pods_DemoSwift.framework; sourceTree = BUILT_PRODUCTS_DIR; };
		F6FCB19D44A52106C8A29B70 /* Pods-DemoSwift-DemoSwiftUITests.debug.xcconfig */ = {isa = PBXFileReference; includeInIndex = 1; lastKnownFileType = text.xcconfig; name = "Pods-DemoSwift-DemoSwiftUITests.debug.xcconfig"; path = "Target Support Files/Pods-DemoSwift-DemoSwiftUITests/Pods-DemoSwift-DemoSwiftUITests.debug.xcconfig"; sourceTree = "<group>"; };
		F9219C2529A10D720040A3D5 /* DemoSwift.app */ = {isa = PBXFileReference; explicitFileType = wrapper.application; includeInIndex = 0; path = DemoSwift.app; sourceTree = BUILT_PRODUCTS_DIR; };
		F9219C2829A10D720040A3D5 /* DemoSwiftApp.swift */ = {isa = PBXFileReference; lastKnownFileType = sourcecode.swift; path = DemoSwiftApp.swift; sourceTree = "<group>"; };
		F9219C2A29A10D720040A3D5 /* ContentView.swift */ = {isa = PBXFileReference; lastKnownFileType = sourcecode.swift; path = ContentView.swift; sourceTree = "<group>"; };
		F9219C2C29A10D760040A3D5 /* Assets.xcassets */ = {isa = PBXFileReference; lastKnownFileType = folder.assetcatalog; path = Assets.xcassets; sourceTree = "<group>"; };
		F9219C2F29A10D760040A3D5 /* Preview Assets.xcassets */ = {isa = PBXFileReference; lastKnownFileType = folder.assetcatalog; path = "Preview Assets.xcassets"; sourceTree = "<group>"; };
		F9219C3529A10D770040A3D5 /* DemoSwiftTests.xctest */ = {isa = PBXFileReference; explicitFileType = wrapper.cfbundle; includeInIndex = 0; path = DemoSwiftTests.xctest; sourceTree = BUILT_PRODUCTS_DIR; };
		F9219C3929A10D770040A3D5 /* DemoSwiftTests.swift */ = {isa = PBXFileReference; lastKnownFileType = sourcecode.swift; path = DemoSwiftTests.swift; sourceTree = "<group>"; };
		F9219C3F29A10D770040A3D5 /* DemoSwiftUITests.xctest */ = {isa = PBXFileReference; explicitFileType = wrapper.cfbundle; includeInIndex = 0; path = DemoSwiftUITests.xctest; sourceTree = BUILT_PRODUCTS_DIR; };
		F9219C4329A10D770040A3D5 /* DemoSwiftUITests.swift */ = {isa = PBXFileReference; lastKnownFileType = sourcecode.swift; path = DemoSwiftUITests.swift; sourceTree = "<group>"; };
		F9219C4529A10D770040A3D5 /* DemoSwiftUITestsLaunchTests.swift */ = {isa = PBXFileReference; lastKnownFileType = sourcecode.swift; path = DemoSwiftUITestsLaunchTests.swift; sourceTree = "<group>"; };
		F9219C5329A111930040A3D5 /* CommonConfig.xcconfig */ = {isa = PBXFileReference; lastKnownFileType = text.xcconfig; path = CommonConfig.xcconfig; sourceTree = "<group>"; };
		F9219C5529A111B80040A3D5 /* Develop_Debug.xcconfig */ = {isa = PBXFileReference; lastKnownFileType = text.xcconfig; path = Develop_Debug.xcconfig; sourceTree = "<group>"; };
		F9219C5729A111CD0040A3D5 /* Develop_Release.xcconfig */ = {isa = PBXFileReference; lastKnownFileType = text.xcconfig; path = Develop_Release.xcconfig; sourceTree = "<group>"; };
		F9219C5929A111E60040A3D5 /* Product_Debug.xcconfig */ = {isa = PBXFileReference; lastKnownFileType = text.xcconfig; path = Product_Debug.xcconfig; sourceTree = "<group>"; };
		F9219C5B29A111F40040A3D5 /* Product_Release.xcconfig */ = {isa = PBXFileReference; lastKnownFileType = text.xcconfig; path = Product_Release.xcconfig; sourceTree = "<group>"; };
		F9219C5C29A112260040A3D5 /* Environment.plist */ = {isa = PBXFileReference; lastKnownFileType = text.plist.xml; path = Environment.plist; sourceTree = "<group>"; };
		F9219C7029A11DA80040A3D5 /* Api.swift */ = {isa = PBXFileReference; lastKnownFileType = sourcecode.swift; path = Api.swift; sourceTree = "<group>"; };
/* End PBXFileReference section */

/* Begin PBXFrameworksBuildPhase section */
		F9219C2229A10D720040A3D5 /* Frameworks */ = {
			isa = PBXFrameworksBuildPhase;
			buildActionMask = 2147483647;
			files = (
				0D4F279E63F5B79466BB18CE /* Pods_DemoSwift.framework in Frameworks */,
			);
			runOnlyForDeploymentPostprocessing = 0;
		};
		F9219C3229A10D760040A3D5 /* Frameworks */ = {
			isa = PBXFrameworksBuildPhase;
			buildActionMask = 2147483647;
			files = (
				6CF7E8F820251C01AF15FBC4 /* Pods_DemoSwiftTests.framework in Frameworks */,
			);
			runOnlyForDeploymentPostprocessing = 0;
		};
		F9219C3C29A10D770040A3D5 /* Frameworks */ = {
			isa = PBXFrameworksBuildPhase;
			buildActionMask = 2147483647;
			files = (
				0C806AC1D5AA28D768EA46A7 /* Pods_DemoSwift_DemoSwiftUITests.framework in Frameworks */,
			);
			runOnlyForDeploymentPostprocessing = 0;
		};
/* End PBXFrameworksBuildPhase section */

/* Begin PBXGroup section */
		243FB61950F9C67FB97338AA /* Pods */ = {
			isa = PBXGroup;
			children = (
				688D0484B2C8D4E48F38528B /* Pods-DemoSwift.debug.xcconfig */,
				0376B51EDD62858ABA9E7EF9 /* Pods-DemoSwift.release.xcconfig */,
				F6FCB19D44A52106C8A29B70 /* Pods-DemoSwift-DemoSwiftUITests.debug.xcconfig */,
				1F1EA69E74C0BEFBD0B0AC15 /* Pods-DemoSwift-DemoSwiftUITests.release.xcconfig */,
				1FB66D98A9C32DABD98AEF14 /* Pods-DemoSwiftTests.debug.xcconfig */,
				4E078C6E09CF46DA401452E6 /* Pods-DemoSwiftTests.release.xcconfig */,
				373D333F493ADF818D643CB1 /* Pods-DemoSwift.develop_debug.xcconfig */,
				6BF53EB82E3D55A0933A6047 /* Pods-DemoSwift.product_debug.xcconfig */,
				C2B6ED30B85DA7F053CE9F6B /* Pods-DemoSwift.develop_release.xcconfig */,
				6B96AF0F79CFD6BF4815A7CA /* Pods-DemoSwift.product_release.xcconfig */,
				DB890C195EDCA9A13575D26B /* Pods-DemoSwift-DemoSwiftUITests.develop_debug.xcconfig */,
				6351A21F03B5AD175B23BB2F /* Pods-DemoSwift-DemoSwiftUITests.product_debug.xcconfig */,
				D1F381336D5351B681328221 /* Pods-DemoSwift-DemoSwiftUITests.develop_release.xcconfig */,
				2F8CC42227C828BB6DE4C3C0 /* Pods-DemoSwift-DemoSwiftUITests.product_release.xcconfig */,
				1F3CF88A661F020063388094 /* Pods-DemoSwiftTests.develop_debug.xcconfig */,
				71ED639C5AB76885698F0A54 /* Pods-DemoSwiftTests.product_debug.xcconfig */,
				B13DCFC541D83B5033D792F6 /* Pods-DemoSwiftTests.develop_release.xcconfig */,
				077DD554A2F6964B9E0915F7 /* Pods-DemoSwiftTests.product_release.xcconfig */,
			);
			path = Pods;
			sourceTree = "<group>";
		};
		F87A417DF080FA7E6C5237E1 /* Frameworks */ = {
			isa = PBXGroup;
			children = (
				E86B238F09D6F9DB44ED5F59 /* Pods_DemoSwift.framework */,
				9FBC386D2FBFA9AC4A36C320 /* Pods_DemoSwift_DemoSwiftUITests.framework */,
				E43F166F2AFF45313C4242F5 /* Pods_DemoSwiftTests.framework */,
			);
			name = Frameworks;
			sourceTree = "<group>";
		};
		F9219C1C29A10D720040A3D5 = {
			isa = PBXGroup;
			children = (
				F9219C5229A1113E0040A3D5 /* XCConfig */,
				F9219C2729A10D720040A3D5 /* DemoSwift */,
				F9219C3829A10D770040A3D5 /* DemoSwiftTests */,
				F9219C4229A10D770040A3D5 /* DemoSwiftUITests */,
				F9219C2629A10D720040A3D5 /* Products */,
				243FB61950F9C67FB97338AA /* Pods */,
				F87A417DF080FA7E6C5237E1 /* Frameworks */,
			);
			sourceTree = "<group>";
		};
		F9219C2629A10D720040A3D5 /* Products */ = {
			isa = PBXGroup;
			children = (
				F9219C2529A10D720040A3D5 /* DemoSwift.app */,
				F9219C3529A10D770040A3D5 /* DemoSwiftTests.xctest */,
				F9219C3F29A10D770040A3D5 /* DemoSwiftUITests.xctest */,
			);
			name = Products;
			sourceTree = "<group>";
		};
		F9219C2729A10D720040A3D5 /* DemoSwift */ = {
			isa = PBXGroup;
			children = (
				F9219C2829A10D720040A3D5 /* DemoSwiftApp.swift */,
				F9219C2A29A10D720040A3D5 /* ContentView.swift */,
				F9219C6F29A11D990040A3D5 /* Api */,
				F9219C2C29A10D760040A3D5 /* Assets.xcassets */,
				F9219C2E29A10D760040A3D5 /* Preview Content */,
			);
			path = DemoSwift;
			sourceTree = "<group>";
		};
		F9219C2E29A10D760040A3D5 /* Preview Content */ = {
			isa = PBXGroup;
			children = (
				F9219C2F29A10D760040A3D5 /* Preview Assets.xcassets */,
			);
			path = "Preview Content";
			sourceTree = "<group>";
		};
		F9219C3829A10D770040A3D5 /* DemoSwiftTests */ = {
			isa = PBXGroup;
			children = (
				F9219C3929A10D770040A3D5 /* DemoSwiftTests.swift */,
			);
			path = DemoSwiftTests;
			sourceTree = "<group>";
		};
		F9219C4229A10D770040A3D5 /* DemoSwiftUITests */ = {
			isa = PBXGroup;
			children = (
				F9219C4329A10D770040A3D5 /* DemoSwiftUITests.swift */,
				F9219C4529A10D770040A3D5 /* DemoSwiftUITestsLaunchTests.swift */,
			);
			path = DemoSwiftUITests;
			sourceTree = "<group>";
		};
		F9219C5229A1113E0040A3D5 /* XCConfig */ = {
			isa = PBXGroup;
			children = (
				F9219C5329A111930040A3D5 /* CommonConfig.xcconfig */,
				F9219C5529A111B80040A3D5 /* Develop_Debug.xcconfig */,
				F9219C5729A111CD0040A3D5 /* Develop_Release.xcconfig */,
				F9219C5929A111E60040A3D5 /* Product_Debug.xcconfig */,
				F9219C5B29A111F40040A3D5 /* Product_Release.xcconfig */,
				F9219C5C29A112260040A3D5 /* Environment.plist */,
			);
			path = XCConfig;
			sourceTree = "<group>";
		};
		F9219C6F29A11D990040A3D5 /* Api */ = {
			isa = PBXGroup;
			children = (
				F9219C7029A11DA80040A3D5 /* Api.swift */,
			);
			path = Api;
			sourceTree = "<group>";
		};
/* End PBXGroup section */

/* Begin PBXNativeTarget section */
		F9219C2429A10D720040A3D5 /* DemoSwift */ = {
			isa = PBXNativeTarget;
			buildConfigurationList = F9219C4929A10D770040A3D5 /* Build configuration list for PBXNativeTarget "DemoSwift" */;
			buildPhases = (
				231DA1BCA31672FFBE7AAC99 /* [CP] Check Pods Manifest.lock */,
				F9219C2129A10D720040A3D5 /* Sources */,
				F9219C2229A10D720040A3D5 /* Frameworks */,
				F9219C2329A10D720040A3D5 /* Resources */,
				ADFEB40396328A91A384EFB4 /* [CP] Embed Pods Frameworks */,
				F9219C6E29A11C9A0040A3D5 /* ShellScript */,
			);
			buildRules = (
			);
			dependencies = (
			);
			name = DemoSwift;
			productName = DemoSwift;
			productReference = F9219C2529A10D720040A3D5 /* DemoSwift.app */;
			productType = "com.apple.product-type.application";
		};
		F9219C3429A10D760040A3D5 /* DemoSwiftTests */ = {
			isa = PBXNativeTarget;
			buildConfigurationList = F9219C4C29A10D770040A3D5 /* Build configuration list for PBXNativeTarget "DemoSwiftTests" */;
			buildPhases = (
				46EAA315C0BEA65082190564 /* [CP] Check Pods Manifest.lock */,
				F9219C3129A10D760040A3D5 /* Sources */,
				F9219C3229A10D760040A3D5 /* Frameworks */,
				F9219C3329A10D760040A3D5 /* Resources */,
			);
			buildRules = (
			);
			dependencies = (
				F9219C3729A10D770040A3D5 /* PBXTargetDependency */,
			);
			name = DemoSwiftTests;
			productName = DemoSwiftTests;
			productReference = F9219C3529A10D770040A3D5 /* DemoSwiftTests.xctest */;
			productType = "com.apple.product-type.bundle.unit-test";
		};
		F9219C3E29A10D770040A3D5 /* DemoSwiftUITests */ = {
			isa = PBXNativeTarget;
			buildConfigurationList = F9219C4F29A10D770040A3D5 /* Build configuration list for PBXNativeTarget "DemoSwiftUITests" */;
			buildPhases = (
				CB418702306E651F5C385BA8 /* [CP] Check Pods Manifest.lock */,
				F9219C3B29A10D770040A3D5 /* Sources */,
				F9219C3C29A10D770040A3D5 /* Frameworks */,
				F9219C3D29A10D770040A3D5 /* Resources */,
				ABF9F5FA2563F4C4F3AAB160 /* [CP] Embed Pods Frameworks */,
			);
			buildRules = (
			);
			dependencies = (
				F9219C4129A10D770040A3D5 /* PBXTargetDependency */,
			);
			name = DemoSwiftUITests;
			productName = DemoSwiftUITests;
			productReference = F9219C3F29A10D770040A3D5 /* DemoSwiftUITests.xctest */;
			productType = "com.apple.product-type.bundle.ui-testing";
		};
/* End PBXNativeTarget section */

/* Begin PBXProject section */
		F9219C1D29A10D720040A3D5 /* Project object */ = {
			isa = PBXProject;
			attributes = {
				BuildIndependentTargetsInParallel = 1;
				LastSwiftUpdateCheck = 1410;
				LastUpgradeCheck = 1410;
				TargetAttributes = {
					F9219C2429A10D720040A3D5 = {
						CreatedOnToolsVersion = 14.1;
					};
					F9219C3429A10D760040A3D5 = {
						CreatedOnToolsVersion = 14.1;
						TestTargetID = F9219C2429A10D720040A3D5;
					};
					F9219C3E29A10D770040A3D5 = {
						CreatedOnToolsVersion = 14.1;
						TestTargetID = F9219C2429A10D720040A3D5;
					};
				};
			};
			buildConfigurationList = F9219C2029A10D720040A3D5 /* Build configuration list for PBXProject "DemoSwift" */;
			compatibilityVersion = "Xcode 13.0";
			developmentRegion = en;
			hasScannedForEncodings = 0;
			knownRegions = (
				en,
				Base,
			);
			mainGroup = F9219C1C29A10D720040A3D5;
			productRefGroup = F9219C2629A10D720040A3D5 /* Products */;
			projectDirPath = "";
			projectRoot = "";
			targets = (
				F9219C2429A10D720040A3D5 /* DemoSwift */,
				F9219C3429A10D760040A3D5 /* DemoSwiftTests */,
				F9219C3E29A10D770040A3D5 /* DemoSwiftUITests */,
			);
		};
/* End PBXProject section */

/* Begin PBXResourcesBuildPhase section */
		F9219C2329A10D720040A3D5 /* Resources */ = {
			isa = PBXResourcesBuildPhase;
			buildActionMask = 2147483647;
			files = (
				F9219C5829A111CD0040A3D5 /* Develop_Release.xcconfig in Resources */,
				F9219C5429A111930040A3D5 /* CommonConfig.xcconfig in Resources */,
				F9219C3029A10D760040A3D5 /* Preview Assets.xcassets in Resources */,
				F9219C5D29A112260040A3D5 /* Environment.plist in Resources */,
				F9219C5629A111B80040A3D5 /* Develop_Debug.xcconfig in Resources */,
				F9219C5A29A111E60040A3D5 /* Product_Debug.xcconfig in Resources */,
				F9219C2D29A10D760040A3D5 /* Assets.xcassets in Resources */,
			);
			runOnlyForDeploymentPostprocessing = 0;
		};
		F9219C3329A10D760040A3D5 /* Resources */ = {
			isa = PBXResourcesBuildPhase;
			buildActionMask = 2147483647;
			files = (
			);
			runOnlyForDeploymentPostprocessing = 0;
		};
		F9219C3D29A10D770040A3D5 /* Resources */ = {
			isa = PBXResourcesBuildPhase;
			buildActionMask = 2147483647;
			files = (
			);
			runOnlyForDeploymentPostprocessing = 0;
		};
/* End PBXResourcesBuildPhase section */

/* Begin PBXShellScriptBuildPhase section */
		231DA1BCA31672FFBE7AAC99 /* [CP] Check Pods Manifest.lock */ = {
			isa = PBXShellScriptBuildPhase;
			buildActionMask = 2147483647;
			files = (
			);
			inputFileListPaths = (
			);
			inputPaths = (
				"${PODS_PODFILE_DIR_PATH}/Podfile.lock",
				"${PODS_ROOT}/Manifest.lock",
			);
			name = "[CP] Check Pods Manifest.lock";
			outputFileListPaths = (
			);
			outputPaths = (
				"$(DERIVED_FILE_DIR)/Pods-DemoSwift-checkManifestLockResult.txt",
			);
			runOnlyForDeploymentPostprocessing = 0;
			shellPath = /bin/sh;
			shellScript = "diff \"${PODS_PODFILE_DIR_PATH}/Podfile.lock\" \"${PODS_ROOT}/Manifest.lock\" > /dev/null\nif [ $? != 0 ] ; then\n    # print error to STDERR\n    echo \"error: The sandbox is not in sync with the Podfile.lock. Run 'pod install' or update your CocoaPods installation.\" >&2\n    exit 1\nfi\n# This output is used by Xcode 'outputs' to avoid re-running this script phase.\necho \"SUCCESS\" > \"${SCRIPT_OUTPUT_FILE_0}\"\n";
			showEnvVarsInLog = 0;
		};
		46EAA315C0BEA65082190564 /* [CP] Check Pods Manifest.lock */ = {
			isa = PBXShellScriptBuildPhase;
			buildActionMask = 2147483647;
			files = (
			);
			inputFileListPaths = (
			);
			inputPaths = (
				"${PODS_PODFILE_DIR_PATH}/Podfile.lock",
				"${PODS_ROOT}/Manifest.lock",
			);
			name = "[CP] Check Pods Manifest.lock";
			outputFileListPaths = (
			);
			outputPaths = (
				"$(DERIVED_FILE_DIR)/Pods-DemoSwiftTests-checkManifestLockResult.txt",
			);
			runOnlyForDeploymentPostprocessing = 0;
			shellPath = /bin/sh;
			shellScript = "diff \"${PODS_PODFILE_DIR_PATH}/Podfile.lock\" \"${PODS_ROOT}/Manifest.lock\" > /dev/null\nif [ $? != 0 ] ; then\n    # print error to STDERR\n    echo \"error: The sandbox is not in sync with the Podfile.lock. Run 'pod install' or update your CocoaPods installation.\" >&2\n    exit 1\nfi\n# This output is used by Xcode 'outputs' to avoid re-running this script phase.\necho \"SUCCESS\" > \"${SCRIPT_OUTPUT_FILE_0}\"\n";
			showEnvVarsInLog = 0;
		};
		ABF9F5FA2563F4C4F3AAB160 /* [CP] Embed Pods Frameworks */ = {
			isa = PBXShellScriptBuildPhase;
			buildActionMask = 2147483647;
			files = (
			);
			inputFileListPaths = (
				"${PODS_ROOT}/Target Support Files/Pods-DemoSwift-DemoSwiftUITests/Pods-DemoSwift-DemoSwiftUITests-frameworks-${CONFIGURATION}-input-files.xcfilelist",
			);
			name = "[CP] Embed Pods Frameworks";
			outputFileListPaths = (
				"${PODS_ROOT}/Target Support Files/Pods-DemoSwift-DemoSwiftUITests/Pods-DemoSwift-DemoSwiftUITests-frameworks-${CONFIGURATION}-output-files.xcfilelist",
			);
			runOnlyForDeploymentPostprocessing = 0;
			shellPath = /bin/sh;
			shellScript = "\"${PODS_ROOT}/Target Support Files/Pods-DemoSwift-DemoSwiftUITests/Pods-DemoSwift-DemoSwiftUITests-frameworks.sh\"\n";
			showEnvVarsInLog = 0;
		};
		ADFEB40396328A91A384EFB4 /* [CP] Embed Pods Frameworks */ = {
			isa = PBXShellScriptBuildPhase;
			buildActionMask = 2147483647;
			files = (
			);
			inputFileListPaths = (
				"${PODS_ROOT}/Target Support Files/Pods-DemoSwift/Pods-DemoSwift-frameworks-${CONFIGURATION}-input-files.xcfilelist",
			);
			name = "[CP] Embed Pods Frameworks";
			outputFileListPaths = (
				"${PODS_ROOT}/Target Support Files/Pods-DemoSwift/Pods-DemoSwift-frameworks-${CONFIGURATION}-output-files.xcfilelist",
			);
			runOnlyForDeploymentPostprocessing = 0;
			shellPath = /bin/sh;
			shellScript = "\"${PODS_ROOT}/Target Support Files/Pods-DemoSwift/Pods-DemoSwift-frameworks.sh\"\n";
			showEnvVarsInLog = 0;
		};
		CB418702306E651F5C385BA8 /* [CP] Check Pods Manifest.lock */ = {
			isa = PBXShellScriptBuildPhase;
			buildActionMask = 2147483647;
			files = (
			);
			inputFileListPaths = (
			);
			inputPaths = (
				"${PODS_PODFILE_DIR_PATH}/Podfile.lock",
				"${PODS_ROOT}/Manifest.lock",
			);
			name = "[CP] Check Pods Manifest.lock";
			outputFileListPaths = (
			);
			outputPaths = (
				"$(DERIVED_FILE_DIR)/Pods-DemoSwift-DemoSwiftUITests-checkManifestLockResult.txt",
			);
			runOnlyForDeploymentPostprocessing = 0;
			shellPath = /bin/sh;
			shellScript = "diff \"${PODS_PODFILE_DIR_PATH}/Podfile.lock\" \"${PODS_ROOT}/Manifest.lock\" > /dev/null\nif [ $? != 0 ] ; then\n    # print error to STDERR\n    echo \"error: The sandbox is not in sync with the Podfile.lock. Run 'pod install' or update your CocoaPods installation.\" >&2\n    exit 1\nfi\n# This output is used by Xcode 'outputs' to avoid re-running this script phase.\necho \"SUCCESS\" > \"${SCRIPT_OUTPUT_FILE_0}\"\n";
			showEnvVarsInLog = 0;
		};
		F9219C6E29A11C9A0040A3D5 /* ShellScript */ = {
			isa = PBXShellScriptBuildPhase;
			buildActionMask = 2147483647;
			files = (
			);
			inputFileListPaths = (
			);
			inputPaths = (
			);
			outputFileListPaths = (
			);
			outputPaths = (
			);
			runOnlyForDeploymentPostprocessing = 0;
			shellPath = /bin/sh;
			shellScript = "# Type a script or drag a script file from your workspace to insert its path.\nroot=${SRCROOT}\necho \"根目录为：$root\"\necho \"根目录为：${SRCROOT}\"\n\nfileName=\"Environment.plist\"\ndesPath=\"${SRCROOT}/XCConfig\"\necho \"目标路径:$desPath\"\necho \"当前环境:$CONFIGURATION\"\nenv=\"Develop\"\n\n\nShowing All Messages\n当前环境:\n\n\n\nif [ $CONFIGURATION == Develop_Debug ] || [ $CONFIGURATION == Develop_Release ]; then\nenv=\"Develop\"\nelse \nenv=\"Product\"\nfi\n\n\n\necho \"当前环境配置为： $env\"\nresPath=\"${SRCROOT}/Environment/$env/$fileName\"\necho \"源文件路径: $resPath\"\ncp $resPath $desPath\n \n";
		};
/* End PBXShellScriptBuildPhase section */

/* Begin PBXSourcesBuildPhase section */
		F9219C2129A10D720040A3D5 /* Sources */ = {
			isa = PBXSourcesBuildPhase;
			buildActionMask = 2147483647;
			files = (
				F9219C7129A11DA80040A3D5 /* Api.swift in Sources */,
				F9219C2B29A10D720040A3D5 /* ContentView.swift in Sources */,
				F9219C2929A10D720040A3D5 /* DemoSwiftApp.swift in Sources */,
			);
			runOnlyForDeploymentPostprocessing = 0;
		};
		F9219C3129A10D760040A3D5 /* Sources */ = {
			isa = PBXSourcesBuildPhase;
			buildActionMask = 2147483647;
			files = (
				F9219C3A29A10D770040A3D5 /* DemoSwiftTests.swift in Sources */,
			);
			runOnlyForDeploymentPostprocessing = 0;
		};
		F9219C3B29A10D770040A3D5 /* Sources */ = {
			isa = PBXSourcesBuildPhase;
			buildActionMask = 2147483647;
			files = (
				F9219C4429A10D770040A3D5 /* DemoSwiftUITests.swift in Sources */,
				F9219C4629A10D770040A3D5 /* DemoSwiftUITestsLaunchTests.swift in Sources */,
			);
			runOnlyForDeploymentPostprocessing = 0;
		};
/* End PBXSourcesBuildPhase section */

/* Begin PBXTargetDependency section */
		F9219C3729A10D770040A3D5 /* PBXTargetDependency */ = {
			isa = PBXTargetDependency;
			target = F9219C2429A10D720040A3D5 /* DemoSwift */;
			targetProxy = F9219C3629A10D770040A3D5 /* PBXContainerItemProxy */;
		};
		F9219C4129A10D770040A3D5 /* PBXTargetDependency */ = {
			isa = PBXTargetDependency;
			target = F9219C2429A10D720040A3D5 /* DemoSwift */;
			targetProxy = F9219C4029A10D770040A3D5 /* PBXContainerItemProxy */;
		};
/* End PBXTargetDependency section */

/* Begin XCBuildConfiguration section */
		F9219C5E29A112F50040A3D5 /* Develop_Debug */ = {
			isa = XCBuildConfiguration;
			baseConfigurationReference = F9219C5529A111B80040A3D5 /* Develop_Debug.xcconfig */;
			buildSettings = {
				ALWAYS_SEARCH_USER_PATHS = NO;
				CLANG_ANALYZER_NONNULL = YES;
				CLANG_ANALYZER_NUMBER_OBJECT_CONVERSION = YES_AGGRESSIVE;
				CLANG_CXX_LANGUAGE_STANDARD = "gnu++20";
				CLANG_ENABLE_MODULES = YES;
				CLANG_ENABLE_OBJC_ARC = YES;
				CLANG_ENABLE_OBJC_WEAK = YES;
				CLANG_WARN_BLOCK_CAPTURE_AUTORELEASING = YES;
				CLANG_WARN_BOOL_CONVERSION = YES;
				CLANG_WARN_COMMA = YES;
				CLANG_WARN_CONSTANT_CONVERSION = YES;
				CLANG_WARN_DEPRECATED_OBJC_IMPLEMENTATIONS = YES;
				CLANG_WARN_DIRECT_OBJC_ISA_USAGE = YES_ERROR;
				CLANG_WARN_DOCUMENTATION_COMMENTS = YES;
				CLANG_WARN_EMPTY_BODY = YES;
				CLANG_WARN_ENUM_CONVERSION = YES;
				CLANG_WARN_INFINITE_RECURSION = YES;
				CLANG_WARN_INT_CONVERSION = YES;
				CLANG_WARN_NON_LITERAL_NULL_CONVERSION = YES;
				CLANG_WARN_OBJC_IMPLICIT_RETAIN_SELF = YES;
				CLANG_WARN_OBJC_LITERAL_CONVERSION = YES;
				CLANG_WARN_OBJC_ROOT_CLASS = YES_ERROR;
				CLANG_WARN_QUOTED_INCLUDE_IN_FRAMEWORK_HEADER = YES;
				CLANG_WARN_RANGE_LOOP_ANALYSIS = YES;
				CLANG_WARN_STRICT_PROTOTYPES = YES;
				CLANG_WARN_SUSPICIOUS_MOVE = YES;
				CLANG_WARN_UNGUARDED_AVAILABILITY = YES_AGGRESSIVE;
				CLANG_WARN_UNREACHABLE_CODE = YES;
				CLANG_WARN__DUPLICATE_METHOD_MATCH = YES;
				COPY_PHASE_STRIP = NO;
				DEBUG_INFORMATION_FORMAT = dwarf;
				ENABLE_STRICT_OBJC_MSGSEND = YES;
				ENABLE_TESTABILITY = YES;
				GCC_C_LANGUAGE_STANDARD = gnu11;
				GCC_DYNAMIC_NO_PIC = NO;
				GCC_NO_COMMON_BLOCKS = YES;
				GCC_OPTIMIZATION_LEVEL = 0;
				GCC_PREPROCESSOR_DEFINITIONS = (
					"DEBUG=1",
					"$(inherited)",
					"DEVELOP=1",
				);
				GCC_WARN_64_TO_32_BIT_CONVERSION = YES;
				GCC_WARN_ABOUT_RETURN_TYPE = YES_ERROR;
				GCC_WARN_UNDECLARED_SELECTOR = YES;
				GCC_WARN_UNINITIALIZED_AUTOS = YES_AGGRESSIVE;
				GCC_WARN_UNUSED_FUNCTION = YES;
				GCC_WARN_UNUSED_VARIABLE = YES;
				IPHONEOS_DEPLOYMENT_TARGET = 14.0;
				MTL_ENABLE_DEBUG_INFO = INCLUDE_SOURCE;
				MTL_FAST_MATH = YES;
				ONLY_ACTIVE_ARCH = YES;
				SDKROOT = iphoneos;
				SWIFT_ACTIVE_COMPILATION_CONDITIONS = DEBUG;
				SWIFT_OPTIMIZATION_LEVEL = "-Onone";
			};
			name = Develop_Debug;
		};
		F9219C5F29A112F50040A3D5 /* Develop_Debug */ = {
			isa = XCBuildConfiguration;
			baseConfigurationReference = 373D333F493ADF818D643CB1 /* Pods-DemoSwift.develop_debug.xcconfig */;
			buildSettings = {
				ASSETCATALOG_COMPILER_APPICON_NAME = AppIcon;
				ASSETCATALOG_COMPILER_GLOBAL_ACCENT_COLOR_NAME = AccentColor;
				CODE_SIGN_STYLE = Automatic;
				CURRENT_PROJECT_VERSION = 1;
				DEVELOPMENT_ASSET_PATHS = "\"DemoSwift/Preview Content\"";
				DEVELOPMENT_TEAM = 9455546D77;
				ENABLE_PREVIEWS = YES;
				GENERATE_INFOPLIST_FILE = YES;
				INFOPLIST_KEY_UIApplicationSceneManifest_Generation = YES;
				INFOPLIST_KEY_UIApplicationSupportsIndirectInputEvents = YES;
				INFOPLIST_KEY_UILaunchScreen_Generation = YES;
				INFOPLIST_KEY_UISupportedInterfaceOrientations = UIInterfaceOrientationPortrait;
				INFOPLIST_KEY_UISupportedInterfaceOrientations_iPad = "UIInterfaceOrientationLandscapeLeft UIInterfaceOrientationLandscapeRight UIInterfaceOrientationPortrait UIInterfaceOrientationPortraitUpsideDown";
				LD_RUNPATH_SEARCH_PATHS = (
					"$(inherited)",
					"@executable_path/Frameworks",
				);
				MARKETING_VERSION = 1.0;
				PRODUCT_BUNDLE_IDENTIFIER = l313927462.DemoSwift;
				PRODUCT_NAME = "$(TARGET_NAME)";
				SUPPORTED_PLATFORMS = "iphoneos iphonesimulator";
				SUPPORTS_MACCATALYST = NO;
				SUPPORTS_MAC_DESIGNED_FOR_IPHONE_IPAD = NO;
				SWIFT_EMIT_LOC_STRINGS = YES;
				SWIFT_VERSION = 5.0;
				TARGETED_DEVICE_FAMILY = 1;
			};
			name = Develop_Debug;
		};
		F9219C6029A112F50040A3D5 /* Develop_Debug */ = {
			isa = XCBuildConfiguration;
			baseConfigurationReference = 1F3CF88A661F020063388094 /* Pods-DemoSwiftTests.develop_debug.xcconfig */;
			buildSettings = {
				ALWAYS_EMBED_SWIFT_STANDARD_LIBRARIES = YES;
				BUNDLE_LOADER = "$(TEST_HOST)";
				CODE_SIGN_STYLE = Automatic;
				CURRENT_PROJECT_VERSION = 1;
				DEVELOPMENT_TEAM = 9455546D77;
				GENERATE_INFOPLIST_FILE = YES;
				IPHONEOS_DEPLOYMENT_TARGET = 16.1;
				MARKETING_VERSION = 1.0;
				PRODUCT_BUNDLE_IDENTIFIER = l313927462.DemoSwiftTests;
				PRODUCT_NAME = "$(TARGET_NAME)";
				SUPPORTED_PLATFORMS = "iphoneos iphonesimulator";
				SUPPORTS_MACCATALYST = NO;
				SUPPORTS_MAC_DESIGNED_FOR_IPHONE_IPAD = NO;
				SWIFT_EMIT_LOC_STRINGS = NO;
				SWIFT_VERSION = 5.0;
				TARGETED_DEVICE_FAMILY = 1;
				TEST_HOST = "$(BUILT_PRODUCTS_DIR)/DemoSwift.app/$(BUNDLE_EXECUTABLE_FOLDER_PATH)/DemoSwift";
			};
			name = Develop_Debug;
		};
		F9219C6129A112F50040A3D5 /* Develop_Debug */ = {
			isa = XCBuildConfiguration;
			baseConfigurationReference = DB890C195EDCA9A13575D26B /* Pods-DemoSwift-DemoSwiftUITests.develop_debug.xcconfig */;
			buildSettings = {
				ALWAYS_EMBED_SWIFT_STANDARD_LIBRARIES = "$(inherited)";
				CODE_SIGN_STYLE = Automatic;
				CURRENT_PROJECT_VERSION = 1;
				DEVELOPMENT_TEAM = 9455546D77;
				GENERATE_INFOPLIST_FILE = YES;
				MARKETING_VERSION = 1.0;
				PRODUCT_BUNDLE_IDENTIFIER = l313927462.DemoSwiftUITests;
				PRODUCT_NAME = "$(TARGET_NAME)";
				SWIFT_EMIT_LOC_STRINGS = NO;
				SWIFT_VERSION = 5.0;
				TARGETED_DEVICE_FAMILY = "1,2";
				TEST_TARGET_NAME = DemoSwift;
			};
			name = Develop_Debug;
		};
		F9219C6229A113080040A3D5 /* Product_Debug */ = {
			isa = XCBuildConfiguration;
			baseConfigurationReference = F9219C5729A111CD0040A3D5 /* Develop_Release.xcconfig */;
			buildSettings = {
				ALWAYS_SEARCH_USER_PATHS = NO;
				CLANG_ANALYZER_NONNULL = YES;
				CLANG_ANALYZER_NUMBER_OBJECT_CONVERSION = YES_AGGRESSIVE;
				CLANG_CXX_LANGUAGE_STANDARD = "gnu++20";
				CLANG_ENABLE_MODULES = YES;
				CLANG_ENABLE_OBJC_ARC = YES;
				CLANG_ENABLE_OBJC_WEAK = YES;
				CLANG_WARN_BLOCK_CAPTURE_AUTORELEASING = YES;
				CLANG_WARN_BOOL_CONVERSION = YES;
				CLANG_WARN_COMMA = YES;
				CLANG_WARN_CONSTANT_CONVERSION = YES;
				CLANG_WARN_DEPRECATED_OBJC_IMPLEMENTATIONS = YES;
				CLANG_WARN_DIRECT_OBJC_ISA_USAGE = YES_ERROR;
				CLANG_WARN_DOCUMENTATION_COMMENTS = YES;
				CLANG_WARN_EMPTY_BODY = YES;
				CLANG_WARN_ENUM_CONVERSION = YES;
				CLANG_WARN_INFINITE_RECURSION = YES;
				CLANG_WARN_INT_CONVERSION = YES;
				CLANG_WARN_NON_LITERAL_NULL_CONVERSION = YES;
				CLANG_WARN_OBJC_IMPLICIT_RETAIN_SELF = YES;
				CLANG_WARN_OBJC_LITERAL_CONVERSION = YES;
				CLANG_WARN_OBJC_ROOT_CLASS = YES_ERROR;
				CLANG_WARN_QUOTED_INCLUDE_IN_FRAMEWORK_HEADER = YES;
				CLANG_WARN_RANGE_LOOP_ANALYSIS = YES;
				CLANG_WARN_STRICT_PROTOTYPES = YES;
				CLANG_WARN_SUSPICIOUS_MOVE = YES;
				CLANG_WARN_UNGUARDED_AVAILABILITY = YES_AGGRESSIVE;
				CLANG_WARN_UNREACHABLE_CODE = YES;
				CLANG_WARN__DUPLICATE_METHOD_MATCH = YES;
				COPY_PHASE_STRIP = NO;
				DEBUG_INFORMATION_FORMAT = dwarf;
				ENABLE_STRICT_OBJC_MSGSEND = YES;
				ENABLE_TESTABILITY = YES;
				GCC_C_LANGUAGE_STANDARD = gnu11;
				GCC_DYNAMIC_NO_PIC = NO;
				GCC_NO_COMMON_BLOCKS = YES;
				GCC_OPTIMIZATION_LEVEL = 0;
				GCC_PREPROCESSOR_DEFINITIONS = (
					"DEBUG=1",
					"$(inherited)",
					"PRODUCT=1",
				);
				GCC_WARN_64_TO_32_BIT_CONVERSION = YES;
				GCC_WARN_ABOUT_RETURN_TYPE = YES_ERROR;
				GCC_WARN_UNDECLARED_SELECTOR = YES;
				GCC_WARN_UNINITIALIZED_AUTOS = YES_AGGRESSIVE;
				GCC_WARN_UNUSED_FUNCTION = YES;
				GCC_WARN_UNUSED_VARIABLE = YES;
				IPHONEOS_DEPLOYMENT_TARGET = 14.0;
				MTL_ENABLE_DEBUG_INFO = INCLUDE_SOURCE;
				MTL_FAST_MATH = YES;
				ONLY_ACTIVE_ARCH = YES;
				SDKROOT = iphoneos;
				SWIFT_ACTIVE_COMPILATION_CONDITIONS = DEBUG;
				SWIFT_OPTIMIZATION_LEVEL = "-Onone";
			};
			name = Product_Debug;
		};
		F9219C6329A113080040A3D5 /* Product_Debug */ = {
			isa = XCBuildConfiguration;
			baseConfigurationReference = 6BF53EB82E3D55A0933A6047 /* Pods-DemoSwift.product_debug.xcconfig */;
			buildSettings = {
				ASSETCATALOG_COMPILER_APPICON_NAME = AppIcon;
				ASSETCATALOG_COMPILER_GLOBAL_ACCENT_COLOR_NAME = AccentColor;
				CODE_SIGN_STYLE = Automatic;
				CURRENT_PROJECT_VERSION = 1;
				DEVELOPMENT_ASSET_PATHS = "\"DemoSwift/Preview Content\"";
				DEVELOPMENT_TEAM = 9455546D77;
				ENABLE_PREVIEWS = YES;
				GENERATE_INFOPLIST_FILE = YES;
				INFOPLIST_KEY_UIApplicationSceneManifest_Generation = YES;
				INFOPLIST_KEY_UIApplicationSupportsIndirectInputEvents = YES;
				INFOPLIST_KEY_UILaunchScreen_Generation = YES;
				INFOPLIST_KEY_UISupportedInterfaceOrientations = UIInterfaceOrientationPortrait;
				INFOPLIST_KEY_UISupportedInterfaceOrientations_iPad = "UIInterfaceOrientationLandscapeLeft UIInterfaceOrientationLandscapeRight UIInterfaceOrientationPortrait UIInterfaceOrientationPortraitUpsideDown";
				LD_RUNPATH_SEARCH_PATHS = (
					"$(inherited)",
					"@executable_path/Frameworks",
				);
				MARKETING_VERSION = 1.0;
				PRODUCT_BUNDLE_IDENTIFIER = l313927462.DemoSwift;
				PRODUCT_NAME = "$(TARGET_NAME)";
				SUPPORTED_PLATFORMS = "iphoneos iphonesimulator";
				SUPPORTS_MACCATALYST = NO;
				SUPPORTS_MAC_DESIGNED_FOR_IPHONE_IPAD = NO;
				SWIFT_EMIT_LOC_STRINGS = YES;
				SWIFT_VERSION = 5.0;
				TARGETED_DEVICE_FAMILY = 1;
			};
			name = Product_Debug;
		};
		F9219C6429A113080040A3D5 /* Product_Debug */ = {
			isa = XCBuildConfiguration;
			baseConfigurationReference = 71ED639C5AB76885698F0A54 /* Pods-DemoSwiftTests.product_debug.xcconfig */;
			buildSettings = {
				ALWAYS_EMBED_SWIFT_STANDARD_LIBRARIES = YES;
				BUNDLE_LOADER = "$(TEST_HOST)";
				CODE_SIGN_STYLE = Automatic;
				CURRENT_PROJECT_VERSION = 1;
				DEVELOPMENT_TEAM = 9455546D77;
				GENERATE_INFOPLIST_FILE = YES;
				IPHONEOS_DEPLOYMENT_TARGET = 16.1;
				MARKETING_VERSION = 1.0;
				PRODUCT_BUNDLE_IDENTIFIER = l313927462.DemoSwiftTests;
				PRODUCT_NAME = "$(TARGET_NAME)";
				SUPPORTED_PLATFORMS = "iphoneos iphonesimulator";
				SUPPORTS_MACCATALYST = NO;
				SUPPORTS_MAC_DESIGNED_FOR_IPHONE_IPAD = NO;
				SWIFT_EMIT_LOC_STRINGS = NO;
				SWIFT_VERSION = 5.0;
				TARGETED_DEVICE_FAMILY = 1;
				TEST_HOST = "$(BUILT_PRODUCTS_DIR)/DemoSwift.app/$(BUNDLE_EXECUTABLE_FOLDER_PATH)/DemoSwift";
			};
			name = Product_Debug;
		};
		F9219C6529A113080040A3D5 /* Product_Debug */ = {
			isa = XCBuildConfiguration;
			baseConfigurationReference = 6351A21F03B5AD175B23BB2F /* Pods-DemoSwift-DemoSwiftUITests.product_debug.xcconfig */;
			buildSettings = {
				ALWAYS_EMBED_SWIFT_STANDARD_LIBRARIES = "$(inherited)";
				CODE_SIGN_STYLE = Automatic;
				CURRENT_PROJECT_VERSION = 1;
				DEVELOPMENT_TEAM = 9455546D77;
				GENERATE_INFOPLIST_FILE = YES;
				MARKETING_VERSION = 1.0;
				PRODUCT_BUNDLE_IDENTIFIER = l313927462.DemoSwiftUITests;
				PRODUCT_NAME = "$(TARGET_NAME)";
				SWIFT_EMIT_LOC_STRINGS = NO;
				SWIFT_VERSION = 5.0;
				TARGETED_DEVICE_FAMILY = "1,2";
				TEST_TARGET_NAME = DemoSwift;
			};
			name = Product_Debug;
		};
		F9219C6629A113180040A3D5 /* Develop_Release */ = {
			isa = XCBuildConfiguration;
			baseConfigurationReference = F9219C5929A111E60040A3D5 /* Product_Debug.xcconfig */;
			buildSettings = {
				ALWAYS_SEARCH_USER_PATHS = NO;
				CLANG_ANALYZER_NONNULL = YES;
				CLANG_ANALYZER_NUMBER_OBJECT_CONVERSION = YES_AGGRESSIVE;
				CLANG_CXX_LANGUAGE_STANDARD = "gnu++20";
				CLANG_ENABLE_MODULES = YES;
				CLANG_ENABLE_OBJC_ARC = YES;
				CLANG_ENABLE_OBJC_WEAK = YES;
				CLANG_WARN_BLOCK_CAPTURE_AUTORELEASING = YES;
				CLANG_WARN_BOOL_CONVERSION = YES;
				CLANG_WARN_COMMA = YES;
				CLANG_WARN_CONSTANT_CONVERSION = YES;
				CLANG_WARN_DEPRECATED_OBJC_IMPLEMENTATIONS = YES;
				CLANG_WARN_DIRECT_OBJC_ISA_USAGE = YES_ERROR;
				CLANG_WARN_DOCUMENTATION_COMMENTS = YES;
				CLANG_WARN_EMPTY_BODY = YES;
				CLANG_WARN_ENUM_CONVERSION = YES;
				CLANG_WARN_INFINITE_RECURSION = YES;
				CLANG_WARN_INT_CONVERSION = YES;
				CLANG_WARN_NON_LITERAL_NULL_CONVERSION = YES;
				CLANG_WARN_OBJC_IMPLICIT_RETAIN_SELF = YES;
				CLANG_WARN_OBJC_LITERAL_CONVERSION = YES;
				CLANG_WARN_OBJC_ROOT_CLASS = YES_ERROR;
				CLANG_WARN_QUOTED_INCLUDE_IN_FRAMEWORK_HEADER = YES;
				CLANG_WARN_RANGE_LOOP_ANALYSIS = YES;
				CLANG_WARN_STRICT_PROTOTYPES = YES;
				CLANG_WARN_SUSPICIOUS_MOVE = YES;
				CLANG_WARN_UNGUARDED_AVAILABILITY = YES_AGGRESSIVE;
				CLANG_WARN_UNREACHABLE_CODE = YES;
				CLANG_WARN__DUPLICATE_METHOD_MATCH = YES;
				COPY_PHASE_STRIP = NO;
				DEBUG_INFORMATION_FORMAT = "dwarf-with-dsym";
				ENABLE_NS_ASSERTIONS = NO;
				ENABLE_STRICT_OBJC_MSGSEND = YES;
				GCC_C_LANGUAGE_STANDARD = gnu11;
				GCC_NO_COMMON_BLOCKS = YES;
				GCC_PREPROCESSOR_DEFINITIONS = (
					"$(inherited)",
					"COCOAPODS=1",
					"DEVELOP=1",
				);
				GCC_WARN_64_TO_32_BIT_CONVERSION = YES;
				GCC_WARN_ABOUT_RETURN_TYPE = YES_ERROR;
				GCC_WARN_UNDECLARED_SELECTOR = YES;
				GCC_WARN_UNINITIALIZED_AUTOS = YES_AGGRESSIVE;
				GCC_WARN_UNUSED_FUNCTION = YES;
				GCC_WARN_UNUSED_VARIABLE = YES;
				IPHONEOS_DEPLOYMENT_TARGET = 14.0;
				MTL_ENABLE_DEBUG_INFO = NO;
				MTL_FAST_MATH = YES;
				SDKROOT = iphoneos;
				SWIFT_COMPILATION_MODE = wholemodule;
				SWIFT_OPTIMIZATION_LEVEL = "-O";
				VALIDATE_PRODUCT = YES;
			};
			name = Develop_Release;
		};
		F9219C6729A113180040A3D5 /* Develop_Release */ = {
			isa = XCBuildConfiguration;
			baseConfigurationReference = C2B6ED30B85DA7F053CE9F6B /* Pods-DemoSwift.develop_release.xcconfig */;
			buildSettings = {
				ASSETCATALOG_COMPILER_APPICON_NAME = AppIcon;
				ASSETCATALOG_COMPILER_GLOBAL_ACCENT_COLOR_NAME = AccentColor;
				CODE_SIGN_STYLE = Automatic;
				CURRENT_PROJECT_VERSION = 1;
				DEVELOPMENT_ASSET_PATHS = "\"DemoSwift/Preview Content\"";
				DEVELOPMENT_TEAM = 9455546D77;
				ENABLE_PREVIEWS = YES;
				GENERATE_INFOPLIST_FILE = YES;
				INFOPLIST_KEY_UIApplicationSceneManifest_Generation = YES;
				INFOPLIST_KEY_UIApplicationSupportsIndirectInputEvents = YES;
				INFOPLIST_KEY_UILaunchScreen_Generation = YES;
				INFOPLIST_KEY_UISupportedInterfaceOrientations = UIInterfaceOrientationPortrait;
				INFOPLIST_KEY_UISupportedInterfaceOrientations_iPad = "UIInterfaceOrientationLandscapeLeft UIInterfaceOrientationLandscapeRight UIInterfaceOrientationPortrait UIInterfaceOrientationPortraitUpsideDown";
				LD_RUNPATH_SEARCH_PATHS = (
					"$(inherited)",
					"@executable_path/Frameworks",
				);
				MARKETING_VERSION = 1.0;
				PRODUCT_BUNDLE_IDENTIFIER = l313927462.DemoSwift;
				PRODUCT_NAME = "$(TARGET_NAME)";
				SUPPORTED_PLATFORMS = "iphoneos iphonesimulator";
				SUPPORTS_MACCATALYST = NO;
				SUPPORTS_MAC_DESIGNED_FOR_IPHONE_IPAD = NO;
				SWIFT_EMIT_LOC_STRINGS = YES;
				SWIFT_VERSION = 5.0;
				TARGETED_DEVICE_FAMILY = 1;
			};
			name = Develop_Release;
		};
		F9219C6829A113180040A3D5 /* Develop_Release */ = {
			isa = XCBuildConfiguration;
			baseConfigurationReference = B13DCFC541D83B5033D792F6 /* Pods-DemoSwiftTests.develop_release.xcconfig */;
			buildSettings = {
				ALWAYS_EMBED_SWIFT_STANDARD_LIBRARIES = YES;
				BUNDLE_LOADER = "$(TEST_HOST)";
				CODE_SIGN_STYLE = Automatic;
				CURRENT_PROJECT_VERSION = 1;
				DEVELOPMENT_TEAM = 9455546D77;
				GENERATE_INFOPLIST_FILE = YES;
				IPHONEOS_DEPLOYMENT_TARGET = 16.1;
				MARKETING_VERSION = 1.0;
				PRODUCT_BUNDLE_IDENTIFIER = l313927462.DemoSwiftTests;
				PRODUCT_NAME = "$(TARGET_NAME)";
				SUPPORTED_PLATFORMS = "iphoneos iphonesimulator";
				SUPPORTS_MACCATALYST = NO;
				SUPPORTS_MAC_DESIGNED_FOR_IPHONE_IPAD = NO;
				SWIFT_EMIT_LOC_STRINGS = NO;
				SWIFT_VERSION = 5.0;
				TARGETED_DEVICE_FAMILY = 1;
				TEST_HOST = "$(BUILT_PRODUCTS_DIR)/DemoSwift.app/$(BUNDLE_EXECUTABLE_FOLDER_PATH)/DemoSwift";
			};
			name = Develop_Release;
		};
		F9219C6929A113180040A3D5 /* Develop_Release */ = {
			isa = XCBuildConfiguration;
			baseConfigurationReference = D1F381336D5351B681328221 /* Pods-DemoSwift-DemoSwiftUITests.develop_release.xcconfig */;
			buildSettings = {
				ALWAYS_EMBED_SWIFT_STANDARD_LIBRARIES = "$(inherited)";
				CODE_SIGN_STYLE = Automatic;
				CURRENT_PROJECT_VERSION = 1;
				DEVELOPMENT_TEAM = 9455546D77;
				GENERATE_INFOPLIST_FILE = YES;
				MARKETING_VERSION = 1.0;
				PRODUCT_BUNDLE_IDENTIFIER = l313927462.DemoSwiftUITests;
				PRODUCT_NAME = "$(TARGET_NAME)";
				SWIFT_EMIT_LOC_STRINGS = NO;
				SWIFT_VERSION = 5.0;
				TARGETED_DEVICE_FAMILY = "1,2";
				TEST_TARGET_NAME = DemoSwift;
			};
			name = Develop_Release;
		};
		F9219C6A29A113220040A3D5 /* Product_Release */ = {
			isa = XCBuildConfiguration;
			baseConfigurationReference = F9219C5B29A111F40040A3D5 /* Product_Release.xcconfig */;
			buildSettings = {
				ALWAYS_SEARCH_USER_PATHS = NO;
				CLANG_ANALYZER_NONNULL = YES;
				CLANG_ANALYZER_NUMBER_OBJECT_CONVERSION = YES_AGGRESSIVE;
				CLANG_CXX_LANGUAGE_STANDARD = "gnu++20";
				CLANG_ENABLE_MODULES = YES;
				CLANG_ENABLE_OBJC_ARC = YES;
				CLANG_ENABLE_OBJC_WEAK = YES;
				CLANG_WARN_BLOCK_CAPTURE_AUTORELEASING = YES;
				CLANG_WARN_BOOL_CONVERSION = YES;
				CLANG_WARN_COMMA = YES;
				CLANG_WARN_CONSTANT_CONVERSION = YES;
				CLANG_WARN_DEPRECATED_OBJC_IMPLEMENTATIONS = YES;
				CLANG_WARN_DIRECT_OBJC_ISA_USAGE = YES_ERROR;
				CLANG_WARN_DOCUMENTATION_COMMENTS = YES;
				CLANG_WARN_EMPTY_BODY = YES;
				CLANG_WARN_ENUM_CONVERSION = YES;
				CLANG_WARN_INFINITE_RECURSION = YES;
				CLANG_WARN_INT_CONVERSION = YES;
				CLANG_WARN_NON_LITERAL_NULL_CONVERSION = YES;
				CLANG_WARN_OBJC_IMPLICIT_RETAIN_SELF = YES;
				CLANG_WARN_OBJC_LITERAL_CONVERSION = YES;
				CLANG_WARN_OBJC_ROOT_CLASS = YES_ERROR;
				CLANG_WARN_QUOTED_INCLUDE_IN_FRAMEWORK_HEADER = YES;
				CLANG_WARN_RANGE_LOOP_ANALYSIS = YES;
				CLANG_WARN_STRICT_PROTOTYPES = YES;
				CLANG_WARN_SUSPICIOUS_MOVE = YES;
				CLANG_WARN_UNGUARDED_AVAILABILITY = YES_AGGRESSIVE;
				CLANG_WARN_UNREACHABLE_CODE = YES;
				CLANG_WARN__DUPLICATE_METHOD_MATCH = YES;
				COPY_PHASE_STRIP = NO;
				DEBUG_INFORMATION_FORMAT = "dwarf-with-dsym";
				ENABLE_NS_ASSERTIONS = NO;
				ENABLE_STRICT_OBJC_MSGSEND = YES;
				GCC_C_LANGUAGE_STANDARD = gnu11;
				GCC_NO_COMMON_BLOCKS = YES;
				GCC_PREPROCESSOR_DEFINITIONS = (
					"$(inherited)",
					"COCOAPODS=1",
					"PRODUCT=1",
				);
				GCC_WARN_64_TO_32_BIT_CONVERSION = YES;
				GCC_WARN_ABOUT_RETURN_TYPE = YES_ERROR;
				GCC_WARN_UNDECLARED_SELECTOR = YES;
				GCC_WARN_UNINITIALIZED_AUTOS = YES_AGGRESSIVE;
				GCC_WARN_UNUSED_FUNCTION = YES;
				GCC_WARN_UNUSED_VARIABLE = YES;
				IPHONEOS_DEPLOYMENT_TARGET = 14.0;
				MTL_ENABLE_DEBUG_INFO = NO;
				MTL_FAST_MATH = YES;
				SDKROOT = iphoneos;
				SWIFT_COMPILATION_MODE = wholemodule;
				SWIFT_OPTIMIZATION_LEVEL = "-O";
				VALIDATE_PRODUCT = YES;
			};
			name = Product_Release;
		};
		F9219C6B29A113220040A3D5 /* Product_Release */ = {
			isa = XCBuildConfiguration;
			baseConfigurationReference = 6B96AF0F79CFD6BF4815A7CA /* Pods-DemoSwift.product_release.xcconfig */;
			buildSettings = {
				ASSETCATALOG_COMPILER_APPICON_NAME = AppIcon;
				ASSETCATALOG_COMPILER_GLOBAL_ACCENT_COLOR_NAME = AccentColor;
				CODE_SIGN_STYLE = Automatic;
				CURRENT_PROJECT_VERSION = 1;
				DEVELOPMENT_ASSET_PATHS = "\"DemoSwift/Preview Content\"";
				DEVELOPMENT_TEAM = 9455546D77;
				ENABLE_PREVIEWS = YES;
				GENERATE_INFOPLIST_FILE = YES;
				INFOPLIST_KEY_UIApplicationSceneManifest_Generation = YES;
				INFOPLIST_KEY_UIApplicationSupportsIndirectInputEvents = YES;
				INFOPLIST_KEY_UILaunchScreen_Generation = YES;
				INFOPLIST_KEY_UISupportedInterfaceOrientations = UIInterfaceOrientationPortrait;
				INFOPLIST_KEY_UISupportedInterfaceOrientations_iPad = "UIInterfaceOrientationLandscapeLeft UIInterfaceOrientationLandscapeRight UIInterfaceOrientationPortrait UIInterfaceOrientationPortraitUpsideDown";
				LD_RUNPATH_SEARCH_PATHS = (
					"$(inherited)",
					"@executable_path/Frameworks",
				);
				MARKETING_VERSION = 1.0;
				PRODUCT_BUNDLE_IDENTIFIER = l313927462.DemoSwift;
				PRODUCT_NAME = "$(TARGET_NAME)";
				SUPPORTED_PLATFORMS = "iphoneos iphonesimulator";
				SUPPORTS_MACCATALYST = NO;
				SUPPORTS_MAC_DESIGNED_FOR_IPHONE_IPAD = NO;
				SWIFT_EMIT_LOC_STRINGS = YES;
				SWIFT_VERSION = 5.0;
				TARGETED_DEVICE_FAMILY = 1;
			};
			name = Product_Release;
		};
		F9219C6C29A113220040A3D5 /* Product_Release */ = {
			isa = XCBuildConfiguration;
			baseConfigurationReference = 077DD554A2F6964B9E0915F7 /* Pods-DemoSwiftTests.product_release.xcconfig */;
			buildSettings = {
				ALWAYS_EMBED_SWIFT_STANDARD_LIBRARIES = YES;
				BUNDLE_LOADER = "$(TEST_HOST)";
				CODE_SIGN_STYLE = Automatic;
				CURRENT_PROJECT_VERSION = 1;
				DEVELOPMENT_TEAM = 9455546D77;
				GENERATE_INFOPLIST_FILE = YES;
				IPHONEOS_DEPLOYMENT_TARGET = 16.1;
				MARKETING_VERSION = 1.0;
				PRODUCT_BUNDLE_IDENTIFIER = l313927462.DemoSwiftTests;
				PRODUCT_NAME = "$(TARGET_NAME)";
				SUPPORTED_PLATFORMS = "iphoneos iphonesimulator";
				SUPPORTS_MACCATALYST = NO;
				SUPPORTS_MAC_DESIGNED_FOR_IPHONE_IPAD = NO;
				SWIFT_EMIT_LOC_STRINGS = NO;
				SWIFT_VERSION = 5.0;
				TARGETED_DEVICE_FAMILY = 1;
				TEST_HOST = "$(BUILT_PRODUCTS_DIR)/DemoSwift.app/$(BUNDLE_EXECUTABLE_FOLDER_PATH)/DemoSwift";
			};
			name = Product_Release;
		};
		F9219C6D29A113220040A3D5 /* Product_Release */ = {
			isa = XCBuildConfiguration;
			baseConfigurationReference = 2F8CC42227C828BB6DE4C3C0 /* Pods-DemoSwift-DemoSwiftUITests.product_release.xcconfig */;
			buildSettings = {
				ALWAYS_EMBED_SWIFT_STANDARD_LIBRARIES = "$(inherited)";
				CODE_SIGN_STYLE = Automatic;
				CURRENT_PROJECT_VERSION = 1;
				DEVELOPMENT_TEAM = 9455546D77;
				GENERATE_INFOPLIST_FILE = YES;
				MARKETING_VERSION = 1.0;
				PRODUCT_BUNDLE_IDENTIFIER = l313927462.DemoSwiftUITests;
				PRODUCT_NAME = "$(TARGET_NAME)";
				SWIFT_EMIT_LOC_STRINGS = NO;
				SWIFT_VERSION = 5.0;
				TARGETED_DEVICE_FAMILY = "1,2";
				TEST_TARGET_NAME = DemoSwift;
			};
			name = Product_Release;
		};
/* End XCBuildConfiguration section */

/* Begin XCConfigurationList section */
		F9219C2029A10D720040A3D5 /* Build configuration list for PBXProject "DemoSwift" */ = {
			isa = XCConfigurationList;
			buildConfigurations = (
				F9219C5E29A112F50040A3D5 /* Develop_Debug */,
				F9219C6229A113080040A3D5 /* Product_Debug */,
				F9219C6629A113180040A3D5 /* Develop_Release */,
				F9219C6A29A113220040A3D5 /* Product_Release */,
			);
			defaultConfigurationIsVisible = 0;
			defaultConfigurationName = Develop_Debug;
		};
		F9219C4929A10D770040A3D5 /* Build configuration list for PBXNativeTarget "DemoSwift" */ = {
			isa = XCConfigurationList;
			buildConfigurations = (
				F9219C5F29A112F50040A3D5 /* Develop_Debug */,
				F9219C6329A113080040A3D5 /* Product_Debug */,
				F9219C6729A113180040A3D5 /* Develop_Release */,
				F9219C6B29A113220040A3D5 /* Product_Release */,
			);
			defaultConfigurationIsVisible = 0;
			defaultConfigurationName = Develop_Debug;
		};
		F9219C4C29A10D770040A3D5 /* Build configuration list for PBXNativeTarget "DemoSwiftTests" */ = {
			isa = XCConfigurationList;
			buildConfigurations = (
				F9219C6029A112F50040A3D5 /* Develop_Debug */,
				F9219C6429A113080040A3D5 /* Product_Debug */,
				F9219C6829A113180040A3D5 /* Develop_Release */,
				F9219C6C29A113220040A3D5 /* Product_Release */,
			);
			defaultConfigurationIsVisible = 0;
			defaultConfigurationName = Develop_Debug;
		};
		F9219C4F29A10D770040A3D5 /* Build configuration list for PBXNativeTarget "DemoSwiftUITests" */ = {
			isa = XCConfigurationList;
			buildConfigurations = (
				F9219C6129A112F50040A3D5 /* Develop_Debug */,
				F9219C6529A113080040A3D5 /* Product_Debug */,
				F9219C6929A113180040A3D5 /* Develop_Release */,
				F9219C6D29A113220040A3D5 /* Product_Release */,
			);
			defaultConfigurationIsVisible = 0;
			defaultConfigurationName = Develop_Debug;
		};
/* End XCConfigurationList section */
	};
	rootObject = F9219C1D29A10D720040A3D5 /* Project object */;
}
